
Microsoft Visual Studio Solution File, Format Version 12.00
# Visual Studio Version 17
VisualStudioVersion = 17.4.33213.308
MinimumVisualStudioVersion = 10.0.40219.1
Project("{9A19103F-16F7-4668-BE54-9A1E7A4F7556}") = "API", "POS_System\API.csproj", "{421D2797-645F-4787-B531-F75057568558}"
EndProject
Project("{9A19103F-16F7-4668-BE54-9A1E7A4F7556}") = "DataLayer", "Data\DataLayer.csproj", "{BB069E45-86F3-4771-8304-0BBC55EEA10A}"
EndProject
Project("{9A19103F-16F7-4668-BE54-9A1E7A4F7556}") = "BLL", "BLL\BLL.csproj", "{88FC47C0-FA8F-4799-8100-FC731A12666F}"
EndProject
Project("{9A19103F-16F7-4668-BE54-9A1E7A4F7556}") = "Core", "Core\Core.csproj", "{8BC23B5F-ACDD-46AC-8871-9FFB045772E6}"
EndProject
Global
	GlobalSection(SolutionConfigurationPlatforms) = preSolution
		Debug|Any CPU = Debug|Any CPU
		Release|Any CPU = Release|Any CPU
	EndGlobalSection
	GlobalSection(ProjectConfigurationPlatforms) = postSolution
		{421D2797-645F-4787-B531-F75057568558}.Debug|Any CPU.ActiveCfg = Debug|Any CPU
		{421D2797-645F-4787-B531-F75057568558}.Debug|Any CPU.Build.0 = Debug|Any CPU
		{421D2797-645F-4787-B531-F75057568558}.Release|Any CPU.ActiveCfg = Release|Any CPU
		{421D2797-645F-4787-B531-F75057568558}.Release|Any CPU.Build.0 = Release|Any CPU
		{BB069E45-86F3-4771-8304-0BBC55EEA10A}.Debug|Any CPU.ActiveCfg = Debug|Any CPU
		{BB069E45-86F3-4771-8304-0BBC55EEA10A}.Debug|Any CPU.Build.0 = Debug|Any CPU
		{BB069E45-86F3-4771-8304-0BBC55EEA10A}.Release|Any CPU.ActiveCfg = Release|Any CPU
		{BB069E45-86F3-4771-8304-0BBC55EEA10A}.Release|Any CPU.Build.0 = Release|Any CPU
		{88FC47C0-FA8F-4799-8100-FC731A12666F}.Debug|Any CPU.ActiveCfg = Debug|Any CPU
		{88FC47C0-FA8F-4799-8100-FC731A12666F}.Debug|Any CPU.Build.0 = Debug|Any CPU
		{88FC47C0-FA8F-4799-8100-FC731A12666F}.Release|Any CPU.ActiveCfg = Release|Any CPU
		{88FC47C0-FA8F-4799-8100-FC731A12666F}.Release|Any CPU.Build.0 = Release|Any CPU
		{8BC23B5F-ACDD-46AC-8871-9FFB045772E6}.Debug|Any CPU.ActiveCfg = Debug|Any CPU
		{8BC23B5F-ACDD-46AC-8871-9FFB045772E6}.Debug|Any CPU.Build.0 = Debug|Any CPU
		{8BC23B5F-ACDD-46AC-8871-9FFB045772E6}.Release|Any CPU.ActiveCfg = Release|Any CPU
		{8BC23B5F-ACDD-46AC-8871-9FFB045772E6}.Release|Any CPU.Build.0 = Release|Any CPU
	EndGlobalSection
	GlobalSection(SolutionProperties) = preSolution
		HideSolutionNode = FALSE
	EndGlobalSection
	GlobalSection(ExtensibilityGlobals) = postSolution
		SolutionGuid = {4618BCE2-1D63-4553-85AD-FB85FA634796}
	EndGlobalSection
EndGlobal
